
Microsoft Visual Studio Solution File, Format Version 12.00
# Visual Studio Version 17
VisualStudioVersion = 17.4.33015.44
MinimumVisualStudioVersion = 10.0.40219.1
Project("{FAE04EC0-301F-11D3-BF4B-00C04F79EFBC}") = "Iqama.Data", "Iqama\Iqama.Data.csproj", "{69C467A2-11EC-48E6-ABFB-6B89403EA7BF}"
EndProject
Project("{FAE04EC0-301F-11D3-BF4B-00C04F79EFBC}") = "Iqama.Infrastructure", "Iqama.Infrastructure\Iqama.Infrastructure.csproj", "{4FFD7D6F-1BD2-43A4-A5B8-613E94AA7FF5}"
EndProject
Project("{FAE04EC0-301F-11D3-BF4B-00C04F79EFBC}") = "Iqama.Services", "Iqama.Services\Iqama.Services.csproj", "{50F05B74-29F9-4E24-A5C8-0CDF07817878}"
EndProject
Global
	GlobalSection(SolutionConfigurationPlatforms) = preSolution
		Debug|Any CPU = Debug|Any CPU
		Release|Any CPU = Release|Any CPU
	EndGlobalSection
	GlobalSection(ProjectConfigurationPlatforms) = postSolution
		{69C467A2-11EC-48E6-ABFB-6B89403EA7BF}.Debug|Any CPU.ActiveCfg = Debug|Any CPU
		{69C467A2-11EC-48E6-ABFB-6B89403EA7BF}.Debug|Any CPU.Build.0 = Debug|Any CPU
		{69C467A2-11EC-48E6-ABFB-6B89403EA7BF}.Release|Any CPU.ActiveCfg = Release|Any CPU
		{69C467A2-11EC-48E6-ABFB-6B89403EA7BF}.Release|Any CPU.Build.0 = Release|Any CPU
		{4FFD7D6F-1BD2-43A4-A5B8-613E94AA7FF5}.Debug|Any CPU.ActiveCfg = Debug|Any CPU
		{4FFD7D6F-1BD2-43A4-A5B8-613E94AA7FF5}.Debug|Any CPU.Build.0 = Debug|Any CPU
		{4FFD7D6F-1BD2-43A4-A5B8-613E94AA7FF5}.Release|Any CPU.ActiveCfg = Release|Any CPU
		{4FFD7D6F-1BD2-43A4-A5B8-613E94AA7FF5}.Release|Any CPU.Build.0 = Release|Any CPU
		{50F05B74-29F9-4E24-A5C8-0CDF07817878}.Debug|Any CPU.ActiveCfg = Debug|Any CPU
		{50F05B74-29F9-4E24-A5C8-0CDF07817878}.Debug|Any CPU.Build.0 = Debug|Any CPU
		{50F05B74-29F9-4E24-A5C8-0CDF07817878}.Release|Any CPU.ActiveCfg = Release|Any CPU
		{50F05B74-29F9-4E24-A5C8-0CDF07817878}.Release|Any CPU.Build.0 = Release|Any CPU
	EndGlobalSection
	GlobalSection(SolutionProperties) = preSolution
		HideSolutionNode = FALSE
	EndGlobalSection
	GlobalSection(ExtensibilityGlobals) = postSolution
		SolutionGuid = {707466EC-8B4C-49FE-91A6-3132B91C1516}
	EndGlobalSection
EndGlobal
